// !$*UTF8*$!
{
	archiveVersion = 1;
	classes = {
	};
	objectVersion = 46;
	objects = {

/* Begin PBXBuildFile section */
		6D543460170D6B6E00D4EC25 /* BGSwitchViewController.m in Sources */ = {isa = PBXBuildFile; fileRef = 6D54345F170D6B6E00D4EC25 /* BGSwitchViewController.m */; };
		6D543464170D709F00D4EC25 /* BGAboutViewController.m in Sources */ = {isa = PBXBuildFile; fileRef = 6D543462170D709F00D4EC25 /* BGAboutViewController.m */; };
		6D543465170D709F00D4EC25 /* BGAboutViewController.xib in Resources */ = {isa = PBXBuildFile; fileRef = 6D543463170D709F00D4EC25 /* BGAboutViewController.xib */; };
		6D54346A170D756A00D4EC25 /* home_2.png in Resources */ = {isa = PBXBuildFile; fileRef = 6D543466170D756A00D4EC25 /* home_2.png */; };
		6D54346B170D756A00D4EC25 /* Icon-Small-50.png in Resources */ = {isa = PBXBuildFile; fileRef = 6D543467170D756A00D4EC25 /* Icon-Small-50.png */; };
		6D54346C170D756A00D4EC25 /* Icon-Small.png in Resources */ = {isa = PBXBuildFile; fileRef = 6D543468170D756A00D4EC25 /* Icon-Small.png */; };
		6D54346D170D756A00D4EC25 /* Icon-Small@2x.png in Resources */ = {isa = PBXBuildFile; fileRef = 6D543469170D756A00D4EC25 /* Icon-Small@2x.png */; };
		6D543473170D771100D4EC25 /* Icon-72.png in Resources */ = {isa = PBXBuildFile; fileRef = 6D543472170D771100D4EC25 /* Icon-72.png */; };
		6D543475170D771700D4EC25 /* Icon@2x.png in Resources */ = {isa = PBXBuildFile; fileRef = 6D543474170D771700D4EC25 /* Icon@2x.png */; };
		6D543478170D799900D4EC25 /* BGGlobalData.m in Sources */ = {isa = PBXBuildFile; fileRef = 6D543477170D799900D4EC25 /* BGGlobalData.m */; };
		6D5A185A17104D1200CBE762 /* AFHTTPClient.m in Sources */ = {isa = PBXBuildFile; fileRef = 6D5A184817104D1200CBE762 /* AFHTTPClient.m */; settings = {COMPILER_FLAGS = "-fobjc-arc"; }; };
		6D5A185B17104D1200CBE762 /* AFHTTPRequestOperation.m in Sources */ = {isa = PBXBuildFile; fileRef = 6D5A184A17104D1200CBE762 /* AFHTTPRequestOperation.m */; settings = {COMPILER_FLAGS = "-fobjc-arc"; }; };
		6D5A185C17104D1200CBE762 /* AFImageRequestOperation.m in Sources */ = {isa = PBXBuildFile; fileRef = 6D5A184C17104D1200CBE762 /* AFImageRequestOperation.m */; settings = {COMPILER_FLAGS = "-fobjc-arc"; }; };
		6D5A185D17104D1200CBE762 /* AFJSONRequestOperation.m in Sources */ = {isa = PBXBuildFile; fileRef = 6D5A184E17104D1200CBE762 /* AFJSONRequestOperation.m */; settings = {COMPILER_FLAGS = "-fobjc-arc"; }; };
		6D5A185E17104D1200CBE762 /* AFNetworkActivityIndicatorManager.m in Sources */ = {isa = PBXBuildFile; fileRef = 6D5A185017104D1200CBE762 /* AFNetworkActivityIndicatorManager.m */; settings = {COMPILER_FLAGS = "-fobjc-arc"; }; };
		6D5A185F17104D1200CBE762 /* AFPropertyListRequestOperation.m in Sources */ = {isa = PBXBuildFile; fileRef = 6D5A185317104D1200CBE762 /* AFPropertyListRequestOperation.m */; settings = {COMPILER_FLAGS = "-fobjc-arc"; }; };
		6D5A186017104D1200CBE762 /* AFURLConnectionOperation.m in Sources */ = {isa = PBXBuildFile; fileRef = 6D5A185517104D1200CBE762 /* AFURLConnectionOperation.m */; settings = {COMPILER_FLAGS = "-fobjc-arc"; }; };
		6D5A186117104D1200CBE762 /* AFXMLRequestOperation.m in Sources */ = {isa = PBXBuildFile; fileRef = 6D5A185717104D1200CBE762 /* AFXMLRequestOperation.m */; settings = {COMPILER_FLAGS = "-fobjc-arc"; }; };
		6D5A186217104D1200CBE762 /* UIImageView+AFNetworking.m in Sources */ = {isa = PBXBuildFile; fileRef = 6D5A185917104D1200CBE762 /* UIImageView+AFNetworking.m */; settings = {COMPILER_FLAGS = "-fobjc-arc"; }; };
		6D5A186717105E2D00CBE762 /* BGScrollViewController.m in Sources */ = {isa = PBXBuildFile; fileRef = 6D5A186617105E2D00CBE762 /* BGScrollViewController.m */; };
		6D5A186A17110D2C00CBE762 /* Gallery0 in Resources */ = {isa = PBXBuildFile; fileRef = 6D5A186817110D2C00CBE762 /* Gallery0 */; };
		6D5A186B17110D2C00CBE762 /* Gallery1 in Resources */ = {isa = PBXBuildFile; fileRef = 6D5A186917110D2C00CBE762 /* Gallery1 */; };
		6D5DA7B6170DDAEF00AAAF58 /* BGGalleryViewController.m in Sources */ = {isa = PBXBuildFile; fileRef = 6D5DA7B4170DDAEF00AAAF58 /* BGGalleryViewController.m */; };
		6D5DA7B7170DDAEF00AAAF58 /* BGGalleryViewController.xib in Resources */ = {isa = PBXBuildFile; fileRef = 6D5DA7B5170DDAEF00AAAF58 /* BGGalleryViewController.xib */; };
		6D7B1595170DBF36009116D6 /* btn_left_a.png in Resources */ = {isa = PBXBuildFile; fileRef = 6D7B1589170DBF36009116D6 /* btn_left_a.png */; };
		6D7B1596170DBF36009116D6 /* btn_left_a@2x.png in Resources */ = {isa = PBXBuildFile; fileRef = 6D7B158A170DBF36009116D6 /* btn_left_a@2x.png */; };
		6D7B1597170DBF36009116D6 /* btn_left_b.png in Resources */ = {isa = PBXBuildFile; fileRef = 6D7B158B170DBF36009116D6 /* btn_left_b.png */; };
		6D7B1598170DBF36009116D6 /* btn_left_b@2x.png in Resources */ = {isa = PBXBuildFile; fileRef = 6D7B158C170DBF36009116D6 /* btn_left_b@2x.png */; };
		6D7B1599170DBF36009116D6 /* btn_middle_a.png in Resources */ = {isa = PBXBuildFile; fileRef = 6D7B158D170DBF36009116D6 /* btn_middle_a.png */; };
		6D7B159A170DBF36009116D6 /* btn_middle_a@2x.png in Resources */ = {isa = PBXBuildFile; fileRef = 6D7B158E170DBF36009116D6 /* btn_middle_a@2x.png */; };
		6D7B159B170DBF36009116D6 /* btn_middle_b.png in Resources */ = {isa = PBXBuildFile; fileRef = 6D7B158F170DBF36009116D6 /* btn_middle_b.png */; };
		6D7B159C170DBF36009116D6 /* btn_middle_b@2x.png in Resources */ = {isa = PBXBuildFile; fileRef = 6D7B1590170DBF36009116D6 /* btn_middle_b@2x.png */; };
		6D7B159D170DBF36009116D6 /* btn_right_a.png in Resources */ = {isa = PBXBuildFile; fileRef = 6D7B1591170DBF36009116D6 /* btn_right_a.png */; };
		6D7B159E170DBF36009116D6 /* btn_right_a@2x.png in Resources */ = {isa = PBXBuildFile; fileRef = 6D7B1592170DBF36009116D6 /* btn_right_a@2x.png */; };
		6D7B159F170DBF36009116D6 /* btn_right_b.png in Resources */ = {isa = PBXBuildFile; fileRef = 6D7B1593170DBF36009116D6 /* btn_right_b.png */; };
		6D7B15A0170DBF36009116D6 /* btn_right_b@2x.png in Resources */ = {isa = PBXBuildFile; fileRef = 6D7B1594170DBF36009116D6 /* btn_right_b@2x.png */; };
		6D7B15A7170DBFA7009116D6 /* beauty_background.png in Resources */ = {isa = PBXBuildFile; fileRef = 6D7B15A1170DBFA7009116D6 /* beauty_background.png */; };
		6D7B15A8170DBFA7009116D6 /* beauty_background@2x.png in Resources */ = {isa = PBXBuildFile; fileRef = 6D7B15A2170DBFA7009116D6 /* beauty_background@2x.png */; };
		6D7B15A9170DBFA7009116D6 /* btn_square_black_a.png in Resources */ = {isa = PBXBuildFile; fileRef = 6D7B15A3170DBFA7009116D6 /* btn_square_black_a.png */; };
		6D7B15AA170DBFA7009116D6 /* btn_square_black_a@2x.png in Resources */ = {isa = PBXBuildFile; fileRef = 6D7B15A4170DBFA7009116D6 /* btn_square_black_a@2x.png */; };
		6D7B15AB170DBFA7009116D6 /* btn_square_black_b.png in Resources */ = {isa = PBXBuildFile; fileRef = 6D7B15A5170DBFA7009116D6 /* btn_square_black_b.png */; };
		6D7B15AC170DBFA7009116D6 /* btn_square_black_b@2x.png in Resources */ = {isa = PBXBuildFile; fileRef = 6D7B15A6170DBFA7009116D6 /* btn_square_black_b@2x.png */; };
		6D7B15AE170DC033009116D6 /* beauty_bottomBar@2x.png in Resources */ = {isa = PBXBuildFile; fileRef = 6D7B15AD170DC033009116D6 /* beauty_bottomBar@2x.png */; };
		6D7B15B0170DC03E009116D6 /* beauty_bottomBar.png in Resources */ = {isa = PBXBuildFile; fileRef = 6D7B15AF170DC03E009116D6 /* beauty_bottomBar.png */; };
		6D7B15B3170DC76F009116D6 /* btn_home_a.png in Resources */ = {isa = PBXBuildFile; fileRef = 6D7B15B1170DC76F009116D6 /* btn_home_a.png */; };
		6D7B15B4170DC76F009116D6 /* btn_home_a@2x.png in Resources */ = {isa = PBXBuildFile; fileRef = 6D7B15B2170DC76F009116D6 /* btn_home_a@2x.png */; };
		6D8E824C170C0CE500B1B45F /* UIKit.framework in Frameworks */ = {isa = PBXBuildFile; fileRef = 6D8E824B170C0CE500B1B45F /* UIKit.framework */; };
		6D8E824E170C0CE500B1B45F /* Foundation.framework in Frameworks */ = {isa = PBXBuildFile; fileRef = 6D8E824D170C0CE500B1B45F /* Foundation.framework */; };
		6D8E8250170C0CE500B1B45F /* CoreGraphics.framework in Frameworks */ = {isa = PBXBuildFile; fileRef = 6D8E824F170C0CE500B1B45F /* CoreGraphics.framework */; };
		6D8E8256170C0CE500B1B45F /* InfoPlist.strings in Resources */ = {isa = PBXBuildFile; fileRef = 6D8E8254170C0CE500B1B45F /* InfoPlist.strings */; };
		6D8E8258170C0CE500B1B45F /* main.m in Sources */ = {isa = PBXBuildFile; fileRef = 6D8E8257170C0CE500B1B45F /* main.m */; };
		6D8E825C170C0CE500B1B45F /* BGAppDelegate.m in Sources */ = {isa = PBXBuildFile; fileRef = 6D8E825B170C0CE500B1B45F /* BGAppDelegate.m */; };
		6D8E825E170C0CE500B1B45F /* Default.png in Resources */ = {isa = PBXBuildFile; fileRef = 6D8E825D170C0CE500B1B45F /* Default.png */; };
		6D8E8260170C0CE500B1B45F /* Default@2x.png in Resources */ = {isa = PBXBuildFile; fileRef = 6D8E825F170C0CE500B1B45F /* Default@2x.png */; };
		6D8E8262170C0CE500B1B45F /* Default-568h@2x.png in Resources */ = {isa = PBXBuildFile; fileRef = 6D8E8261170C0CE500B1B45F /* Default-568h@2x.png */; };
		6D8E8265170C0CE500B1B45F /* BGViewController.m in Sources */ = {isa = PBXBuildFile; fileRef = 6D8E8264170C0CE500B1B45F /* BGViewController.m */; };
		6D8E8268170C0CE500B1B45F /* BGViewController.xib in Resources */ = {isa = PBXBuildFile; fileRef = 6D8E8266170C0CE500B1B45F /* BGViewController.xib */; };
		6DD7BE45170EABB3002EA9B4 /* AKSegmentedControl.m in Sources */ = {isa = PBXBuildFile; fileRef = 6DD7BE44170EABB3002EA9B4 /* AKSegmentedControl.m */; settings = {COMPILER_FLAGS = "-fobjc-arc"; }; };
		6DD7BE47170EAD31002EA9B4 /* QuartzCore.framework in Frameworks */ = {isa = PBXBuildFile; fileRef = 6DD7BE46170EAD31002EA9B4 /* QuartzCore.framework */; };
		6DD7BE4C170EB28F002EA9B4 /* SVProgressHUD.bundle in Resources */ = {isa = PBXBuildFile; fileRef = 6DD7BE49170EB28F002EA9B4 /* SVProgressHUD.bundle */; };
		6DD7BE4D170EB28F002EA9B4 /* SVProgressHUD.m in Sources */ = {isa = PBXBuildFile; fileRef = 6DD7BE4B170EB28F002EA9B4 /* SVProgressHUD.m */; settings = {COMPILER_FLAGS = "-fobjc-arc"; }; };
		6DD7BE52170EC6DE002EA9B4 /* btn_textbubble_a.png in Resources */ = {isa = PBXBuildFile; fileRef = 6DD7BE4E170EC6DE002EA9B4 /* btn_textbubble_a.png */; };
		6DD7BE53170EC6DE002EA9B4 /* btn_textbubble_a@2x.png in Resources */ = {isa = PBXBuildFile; fileRef = 6DD7BE4F170EC6DE002EA9B4 /* btn_textbubble_a@2x.png */; };
		6DD7BE54170EC6DE002EA9B4 /* btn_textbubble_b.png in Resources */ = {isa = PBXBuildFile; fileRef = 6DD7BE50170EC6DE002EA9B4 /* btn_textbubble_b.png */; };
		6DD7BE55170EC6DE002EA9B4 /* btn_textbubble_b@2x.png in Resources */ = {isa = PBXBuildFile; fileRef = 6DD7BE51170EC6DE002EA9B4 /* btn_textbubble_b@2x.png */; };
		6DD7BE57170EC98C002EA9B4 /* SettingData.plist in Resources */ = {isa = PBXBuildFile; fileRef = 6DD7BE56170EC98C002EA9B4 /* SettingData.plist */; };
		6DD7BE5A170EEB8D002EA9B4 /* sep_border_material.png in Resources */ = {isa = PBXBuildFile; fileRef = 6DD7BE58170EEB8D002EA9B4 /* sep_border_material.png */; };
		6DD7BE5B170EEB8D002EA9B4 /* sep_border_material@2x.png in Resources */ = {isa = PBXBuildFile; fileRef = 6DD7BE59170EEB8D002EA9B4 /* sep_border_material@2x.png */; };
		6DDC0028170F14AC00A91279 /* DMLazyScrollView.m in Sources */ = {isa = PBXBuildFile; fileRef = 6DDC0027170F14AC00A91279 /* DMLazyScrollView.m */; settings = {COMPILER_FLAGS = "-fobjc-arc"; }; };
		6DDC002C170F177B00A91279 /* ATPagingView.m in Sources */ = {isa = PBXBuildFile; fileRef = 6DDC002B170F177B00A91279 /* ATPagingView.m */; };
/* End PBXBuildFile section */

/* Begin PBXFileReference section */
		6D54345E170D6B6E00D4EC25 /* BGSwitchViewController.h */ = {isa = PBXFileReference; fileEncoding = 4; lastKnownFileType = sourcecode.c.h; path = BGSwitchViewController.h; sourceTree = "<group>"; };
		6D54345F170D6B6E00D4EC25 /* BGSwitchViewController.m */ = {isa = PBXFileReference; fileEncoding = 4; lastKnownFileType = sourcecode.c.objc; path = BGSwitchViewController.m; sourceTree = "<group>"; };
		6D543461170D709F00D4EC25 /* BGAboutViewController.h */ = {isa = PBXFileReference; fileEncoding = 4; lastKnownFileType = sourcecode.c.h; path = BGAboutViewController.h; sourceTree = "<group>"; };
		6D543462170D709F00D4EC25 /* BGAboutViewController.m */ = {isa = PBXFileReference; fileEncoding = 4; lastKnownFileType = sourcecode.c.objc; path = BGAboutViewController.m; sourceTree = "<group>"; };
		6D543463170D709F00D4EC25 /* BGAboutViewController.xib */ = {isa = PBXFileReference; fileEncoding = 4; lastKnownFileType = file.xib; path = BGAboutViewController.xib; sourceTree = "<group>"; };
		6D543466170D756A00D4EC25 /* home_2.png */ = {isa = PBXFileReference; lastKnownFileType = image.png; path = home_2.png; sourceTree = "<group>"; };
		6D543467170D756A00D4EC25 /* Icon-Small-50.png */ = {isa = PBXFileReference; lastKnownFileType = image.png; path = "Icon-Small-50.png"; sourceTree = "<group>"; };
		6D543468170D756A00D4EC25 /* Icon-Small.png */ = {isa = PBXFileReference; lastKnownFileType = image.png; path = "Icon-Small.png"; sourceTree = "<group>"; };
		6D543469170D756A00D4EC25 /* Icon-Small@2x.png */ = {isa = PBXFileReference; lastKnownFileType = image.png; path = "Icon-Small@2x.png"; sourceTree = "<group>"; };
		6D543472170D771100D4EC25 /* Icon-72.png */ = {isa = PBXFileReference; lastKnownFileType = image.png; path = "Icon-72.png"; sourceTree = "<group>"; };
		6D543474170D771700D4EC25 /* Icon@2x.png */ = {isa = PBXFileReference; lastKnownFileType = image.png; path = "Icon@2x.png"; sourceTree = "<group>"; };
		6D543476170D799900D4EC25 /* BGGlobalData.h */ = {isa = PBXFileReference; fileEncoding = 4; lastKnownFileType = sourcecode.c.h; path = BGGlobalData.h; sourceTree = "<group>"; };
		6D543477170D799900D4EC25 /* BGGlobalData.m */ = {isa = PBXFileReference; fileEncoding = 4; lastKnownFileType = sourcecode.c.objc; path = BGGlobalData.m; sourceTree = "<group>"; };
		6D5A184717104D1200CBE762 /* AFHTTPClient.h */ = {isa = PBXFileReference; fileEncoding = 4; lastKnownFileType = sourcecode.c.h; path = AFHTTPClient.h; sourceTree = "<group>"; };
		6D5A184817104D1200CBE762 /* AFHTTPClient.m */ = {isa = PBXFileReference; fileEncoding = 4; lastKnownFileType = sourcecode.c.objc; path = AFHTTPClient.m; sourceTree = "<group>"; };
		6D5A184917104D1200CBE762 /* AFHTTPRequestOperation.h */ = {isa = PBXFileReference; fileEncoding = 4; lastKnownFileType = sourcecode.c.h; path = AFHTTPRequestOperation.h; sourceTree = "<group>"; };
		6D5A184A17104D1200CBE762 /* AFHTTPRequestOperation.m */ = {isa = PBXFileReference; fileEncoding = 4; lastKnownFileType = sourcecode.c.objc; path = AFHTTPRequestOperation.m; sourceTree = "<group>"; };
		6D5A184B17104D1200CBE762 /* AFImageRequestOperation.h */ = {isa = PBXFileReference; fileEncoding = 4; lastKnownFileType = sourcecode.c.h; path = AFImageRequestOperation.h; sourceTree = "<group>"; };
		6D5A184C17104D1200CBE762 /* AFImageRequestOperation.m */ = {isa = PBXFileReference; fileEncoding = 4; lastKnownFileType = sourcecode.c.objc; path = AFImageRequestOperation.m; sourceTree = "<group>"; };
		6D5A184D17104D1200CBE762 /* AFJSONRequestOperation.h */ = {isa = PBXFileReference; fileEncoding = 4; lastKnownFileType = sourcecode.c.h; path = AFJSONRequestOperation.h; sourceTree = "<group>"; };
		6D5A184E17104D1200CBE762 /* AFJSONRequestOperation.m */ = {isa = PBXFileReference; fileEncoding = 4; lastKnownFileType = sourcecode.c.objc; path = AFJSONRequestOperation.m; sourceTree = "<group>"; };
		6D5A184F17104D1200CBE762 /* AFNetworkActivityIndicatorManager.h */ = {isa = PBXFileReference; fileEncoding = 4; lastKnownFileType = sourcecode.c.h; path = AFNetworkActivityIndicatorManager.h; sourceTree = "<group>"; };
		6D5A185017104D1200CBE762 /* AFNetworkActivityIndicatorManager.m */ = {isa = PBXFileReference; fileEncoding = 4; lastKnownFileType = sourcecode.c.objc; path = AFNetworkActivityIndicatorManager.m; sourceTree = "<group>"; };
		6D5A185117104D1200CBE762 /* AFNetworking.h */ = {isa = PBXFileReference; fileEncoding = 4; lastKnownFileType = sourcecode.c.h; path = AFNetworking.h; sourceTree = "<group>"; };
		6D5A185217104D1200CBE762 /* AFPropertyListRequestOperation.h */ = {isa = PBXFileReference; fileEncoding = 4; lastKnownFileType = sourcecode.c.h; path = AFPropertyListRequestOperation.h; sourceTree = "<group>"; };
		6D5A185317104D1200CBE762 /* AFPropertyListRequestOperation.m */ = {isa = PBXFileReference; fileEncoding = 4; lastKnownFileType = sourcecode.c.objc; path = AFPropertyListRequestOperation.m; sourceTree = "<group>"; };
		6D5A185417104D1200CBE762 /* AFURLConnectionOperation.h */ = {isa = PBXFileReference; fileEncoding = 4; lastKnownFileType = sourcecode.c.h; path = AFURLConnectionOperation.h; sourceTree = "<group>"; };
		6D5A185517104D1200CBE762 /* AFURLConnectionOperation.m */ = {isa = PBXFileReference; fileEncoding = 4; lastKnownFileType = sourcecode.c.objc; path = AFURLConnectionOperation.m; sourceTree = "<group>"; };
		6D5A185617104D1200CBE762 /* AFXMLRequestOperation.h */ = {isa = PBXFileReference; fileEncoding = 4; lastKnownFileType = sourcecode.c.h; path = AFXMLRequestOperation.h; sourceTree = "<group>"; };
		6D5A185717104D1200CBE762 /* AFXMLRequestOperation.m */ = {isa = PBXFileReference; fileEncoding = 4; lastKnownFileType = sourcecode.c.objc; path = AFXMLRequestOperation.m; sourceTree = "<group>"; };
		6D5A185817104D1200CBE762 /* UIImageView+AFNetworking.h */ = {isa = PBXFileReference; fileEncoding = 4; lastKnownFileType = sourcecode.c.h; path = "UIImageView+AFNetworking.h"; sourceTree = "<group>"; };
		6D5A185917104D1200CBE762 /* UIImageView+AFNetworking.m */ = {isa = PBXFileReference; fileEncoding = 4; lastKnownFileType = sourcecode.c.objc; path = "UIImageView+AFNetworking.m"; sourceTree = "<group>"; };
		6D5A186517105E2D00CBE762 /* BGScrollViewController.h */ = {isa = PBXFileReference; fileEncoding = 4; lastKnownFileType = sourcecode.c.h; path = BGScrollViewController.h; sourceTree = "<group>"; };
		6D5A186617105E2D00CBE762 /* BGScrollViewController.m */ = {isa = PBXFileReference; fileEncoding = 4; lastKnownFileType = sourcecode.c.objc; path = BGScrollViewController.m; sourceTree = "<group>"; };
		6D5A186817110D2C00CBE762 /* Gallery0 */ = {isa = PBXFileReference; lastKnownFileType = folder; path = Gallery0; sourceTree = "<group>"; };
		6D5A186917110D2C00CBE762 /* Gallery1 */ = {isa = PBXFileReference; lastKnownFileType = folder; path = Gallery1; sourceTree = "<group>"; };
		6D5DA7B3170DDAEF00AAAF58 /* BGGalleryViewController.h */ = {isa = PBXFileReference; fileEncoding = 4; lastKnownFileType = sourcecode.c.h; path = BGGalleryViewController.h; sourceTree = "<group>"; };
		6D5DA7B4170DDAEF00AAAF58 /* BGGalleryViewController.m */ = {isa = PBXFileReference; fileEncoding = 4; lastKnownFileType = sourcecode.c.objc; path = BGGalleryViewController.m; sourceTree = "<group>"; };
		6D5DA7B5170DDAEF00AAAF58 /* BGGalleryViewController.xib */ = {isa = PBXFileReference; fileEncoding = 4; lastKnownFileType = file.xib; path = BGGalleryViewController.xib; sourceTree = "<group>"; };
		6D7B1589170DBF36009116D6 /* btn_left_a.png */ = {isa = PBXFileReference; lastKnownFileType = image.png; path = btn_left_a.png; sourceTree = "<group>"; };
		6D7B158A170DBF36009116D6 /* btn_left_a@2x.png */ = {isa = PBXFileReference; lastKnownFileType = image.png; path = "btn_left_a@2x.png"; sourceTree = "<group>"; };
		6D7B158B170DBF36009116D6 /* btn_left_b.png */ = {isa = PBXFileReference; lastKnownFileType = image.png; path = btn_left_b.png; sourceTree = "<group>"; };
		6D7B158C170DBF36009116D6 /* btn_left_b@2x.png */ = {isa = PBXFileReference; lastKnownFileType = image.png; path = "btn_left_b@2x.png"; sourceTree = "<group>"; };
		6D7B158D170DBF36009116D6 /* btn_middle_a.png */ = {isa = PBXFileReference; lastKnownFileType = image.png; path = btn_middle_a.png; sourceTree = "<group>"; };
		6D7B158E170DBF36009116D6 /* btn_middle_a@2x.png */ = {isa = PBXFileReference; lastKnownFileType = image.png; path = "btn_middle_a@2x.png"; sourceTree = "<group>"; };
		6D7B158F170DBF36009116D6 /* btn_middle_b.png */ = {isa = PBXFileReference; lastKnownFileType = image.png; path = btn_middle_b.png; sourceTree = "<group>"; };
		6D7B1590170DBF36009116D6 /* btn_middle_b@2x.png */ = {isa = PBXFileReference; lastKnownFileType = image.png; path = "btn_middle_b@2x.png"; sourceTree = "<group>"; };
		6D7B1591170DBF36009116D6 /* btn_right_a.png */ = {isa = PBXFileReference; lastKnownFileType = image.png; path = btn_right_a.png; sourceTree = "<group>"; };
		6D7B1592170DBF36009116D6 /* btn_right_a@2x.png */ = {isa = PBXFileReference; lastKnownFileType = image.png; path = "btn_right_a@2x.png"; sourceTree = "<group>"; };
		6D7B1593170DBF36009116D6 /* btn_right_b.png */ = {isa = PBXFileReference; lastKnownFileType = image.png; path = btn_right_b.png; sourceTree = "<group>"; };
		6D7B1594170DBF36009116D6 /* btn_right_b@2x.png */ = {isa = PBXFileReference; lastKnownFileType = image.png; path = "btn_right_b@2x.png"; sourceTree = "<group>"; };
		6D7B15A1170DBFA7009116D6 /* beauty_background.png */ = {isa = PBXFileReference; lastKnownFileType = image.png; path = beauty_background.png; sourceTree = "<group>"; };
		6D7B15A2170DBFA7009116D6 /* beauty_background@2x.png */ = {isa = PBXFileReference; lastKnownFileType = image.png; path = "beauty_background@2x.png"; sourceTree = "<group>"; };
		6D7B15A3170DBFA7009116D6 /* btn_square_black_a.png */ = {isa = PBXFileReference; lastKnownFileType = image.png; path = btn_square_black_a.png; sourceTree = "<group>"; };
		6D7B15A4170DBFA7009116D6 /* btn_square_black_a@2x.png */ = {isa = PBXFileReference; lastKnownFileType = image.png; path = "btn_square_black_a@2x.png"; sourceTree = "<group>"; };
		6D7B15A5170DBFA7009116D6 /* btn_square_black_b.png */ = {isa = PBXFileReference; lastKnownFileType = image.png; path = btn_square_black_b.png; sourceTree = "<group>"; };
		6D7B15A6170DBFA7009116D6 /* btn_square_black_b@2x.png */ = {isa = PBXFileReference; lastKnownFileType = image.png; path = "btn_square_black_b@2x.png"; sourceTree = "<group>"; };
		6D7B15AD170DC033009116D6 /* beauty_bottomBar@2x.png */ = {isa = PBXFileReference; lastKnownFileType = image.png; path = "beauty_bottomBar@2x.png"; sourceTree = "<group>"; };
		6D7B15AF170DC03E009116D6 /* beauty_bottomBar.png */ = {isa = PBXFileReference; lastKnownFileType = image.png; path = beauty_bottomBar.png; sourceTree = "<group>"; };
		6D7B15B1170DC76F009116D6 /* btn_home_a.png */ = {isa = PBXFileReference; lastKnownFileType = image.png; path = btn_home_a.png; sourceTree = "<group>"; };
		6D7B15B2170DC76F009116D6 /* btn_home_a@2x.png */ = {isa = PBXFileReference; lastKnownFileType = image.png; path = "btn_home_a@2x.png"; sourceTree = "<group>"; };
		6D8E8248170C0CE500B1B45F /* NancyShow.app */ = {isa = PBXFileReference; explicitFileType = wrapper.application; includeInIndex = 0; path = NancyShow.app; sourceTree = BUILT_PRODUCTS_DIR; };
		6D8E824B170C0CE500B1B45F /* UIKit.framework */ = {isa = PBXFileReference; lastKnownFileType = wrapper.framework; name = UIKit.framework; path = System/Library/Frameworks/UIKit.framework; sourceTree = SDKROOT; };
		6D8E824D170C0CE500B1B45F /* Foundation.framework */ = {isa = PBXFileReference; lastKnownFileType = wrapper.framework; name = Foundation.framework; path = System/Library/Frameworks/Foundation.framework; sourceTree = SDKROOT; };
		6D8E824F170C0CE500B1B45F /* CoreGraphics.framework */ = {isa = PBXFileReference; lastKnownFileType = wrapper.framework; name = CoreGraphics.framework; path = System/Library/Frameworks/CoreGraphics.framework; sourceTree = SDKROOT; };
		6D8E8253170C0CE500B1B45F /* NancyShow-Info.plist */ = {isa = PBXFileReference; lastKnownFileType = text.plist.xml; path = "NancyShow-Info.plist"; sourceTree = "<group>"; };
		6D8E8255170C0CE500B1B45F /* en */ = {isa = PBXFileReference; lastKnownFileType = text.plist.strings; name = en; path = en.lproj/InfoPlist.strings; sourceTree = "<group>"; };
		6D8E8257170C0CE500B1B45F /* main.m */ = {isa = PBXFileReference; lastKnownFileType = sourcecode.c.objc; path = main.m; sourceTree = "<group>"; };
		6D8E8259170C0CE500B1B45F /* NancyShow-Prefix.pch */ = {isa = PBXFileReference; lastKnownFileType = sourcecode.c.h; path = "NancyShow-Prefix.pch"; sourceTree = "<group>"; };
		6D8E825A170C0CE500B1B45F /* BGAppDelegate.h */ = {isa = PBXFileReference; lastKnownFileType = sourcecode.c.h; path = BGAppDelegate.h; sourceTree = "<group>"; };
		6D8E825B170C0CE500B1B45F /* BGAppDelegate.m */ = {isa = PBXFileReference; lastKnownFileType = sourcecode.c.objc; path = BGAppDelegate.m; sourceTree = "<group>"; };
		6D8E825D170C0CE500B1B45F /* Default.png */ = {isa = PBXFileReference; lastKnownFileType = image.png; path = Default.png; sourceTree = "<group>"; };
		6D8E825F170C0CE500B1B45F /* Default@2x.png */ = {isa = PBXFileReference; lastKnownFileType = image.png; path = "Default@2x.png"; sourceTree = "<group>"; };
		6D8E8261170C0CE500B1B45F /* Default-568h@2x.png */ = {isa = PBXFileReference; lastKnownFileType = image.png; path = "Default-568h@2x.png"; sourceTree = "<group>"; };
		6D8E8263170C0CE500B1B45F /* BGViewController.h */ = {isa = PBXFileReference; lastKnownFileType = sourcecode.c.h; path = BGViewController.h; sourceTree = "<group>"; };
		6D8E8264170C0CE500B1B45F /* BGViewController.m */ = {isa = PBXFileReference; lastKnownFileType = sourcecode.c.objc; path = BGViewController.m; sourceTree = "<group>"; };
		6D8E8267170C0CE500B1B45F /* en */ = {isa = PBXFileReference; lastKnownFileType = file.xib; name = en; path = en.lproj/BGViewController.xib; sourceTree = "<group>"; };
		6D8E8272170C10E900B1B45F /* BGPageSwitcherDelegate.h */ = {isa = PBXFileReference; fileEncoding = 4; lastKnownFileType = sourcecode.c.h; path = BGPageSwitcherDelegate.h; sourceTree = "<group>"; };
		6DD7BE43170EABB3002EA9B4 /* AKSegmentedControl.h */ = {isa = PBXFileReference; fileEncoding = 4; lastKnownFileType = sourcecode.c.h; path = AKSegmentedControl.h; sourceTree = "<group>"; };
		6DD7BE44170EABB3002EA9B4 /* AKSegmentedControl.m */ = {isa = PBXFileReference; fileEncoding = 4; lastKnownFileType = sourcecode.c.objc; path = AKSegmentedControl.m; sourceTree = "<group>"; };
		6DD7BE46170EAD31002EA9B4 /* QuartzCore.framework */ = {isa = PBXFileReference; lastKnownFileType = wrapper.framework; name = QuartzCore.framework; path = System/Library/Frameworks/QuartzCore.framework; sourceTree = SDKROOT; };
		6DD7BE49170EB28F002EA9B4 /* SVProgressHUD.bundle */ = {isa = PBXFileReference; lastKnownFileType = "wrapper.plug-in"; path = SVProgressHUD.bundle; sourceTree = "<group>"; };
		6DD7BE4A170EB28F002EA9B4 /* SVProgressHUD.h */ = {isa = PBXFileReference; fileEncoding = 4; lastKnownFileType = sourcecode.c.h; path = SVProgressHUD.h; sourceTree = "<group>"; };
		6DD7BE4B170EB28F002EA9B4 /* SVProgressHUD.m */ = {isa = PBXFileReference; fileEncoding = 4; lastKnownFileType = sourcecode.c.objc; path = SVProgressHUD.m; sourceTree = "<group>"; };
		6DD7BE4E170EC6DE002EA9B4 /* btn_textbubble_a.png */ = {isa = PBXFileReference; lastKnownFileType = image.png; path = btn_textbubble_a.png; sourceTree = "<group>"; };
		6DD7BE4F170EC6DE002EA9B4 /* btn_textbubble_a@2x.png */ = {isa = PBXFileReference; lastKnownFileType = image.png; path = "btn_textbubble_a@2x.png"; sourceTree = "<group>"; };
		6DD7BE50170EC6DE002EA9B4 /* btn_textbubble_b.png */ = {isa = PBXFileReference; lastKnownFileType = image.png; path = btn_textbubble_b.png; sourceTree = "<group>"; };
		6DD7BE51170EC6DE002EA9B4 /* btn_textbubble_b@2x.png */ = {isa = PBXFileReference; lastKnownFileType = image.png; path = "btn_textbubble_b@2x.png"; sourceTree = "<group>"; };
		6DD7BE56170EC98C002EA9B4 /* SettingData.plist */ = {isa = PBXFileReference; fileEncoding = 4; lastKnownFileType = text.plist.xml; path = SettingData.plist; sourceTree = "<group>"; };
		6DD7BE58170EEB8D002EA9B4 /* sep_border_material.png */ = {isa = PBXFileReference; lastKnownFileType = image.png; path = sep_border_material.png; sourceTree = "<group>"; };
		6DD7BE59170EEB8D002EA9B4 /* sep_border_material@2x.png */ = {isa = PBXFileReference; lastKnownFileType = image.png; path = "sep_border_material@2x.png"; sourceTree = "<group>"; };
		6DDC0026170F14AC00A91279 /* DMLazyScrollView.h */ = {isa = PBXFileReference; fileEncoding = 4; lastKnownFileType = sourcecode.c.h; path = DMLazyScrollView.h; sourceTree = "<group>"; };
		6DDC0027170F14AC00A91279 /* DMLazyScrollView.m */ = {isa = PBXFileReference; fileEncoding = 4; lastKnownFileType = sourcecode.c.objc; path = DMLazyScrollView.m; sourceTree = "<group>"; };
		6DDC002A170F177B00A91279 /* ATPagingView.h */ = {isa = PBXFileReference; fileEncoding = 4; lastKnownFileType = sourcecode.c.h; path = ATPagingView.h; sourceTree = "<group>"; };
		6DDC002B170F177B00A91279 /* ATPagingView.m */ = {isa = PBXFileReference; fileEncoding = 4; lastKnownFileType = sourcecode.c.objc; path = ATPagingView.m; sourceTree = "<group>"; };
/* End PBXFileReference section */

/* Begin PBXFrameworksBuildPhase section */
		6D8E8245170C0CE500B1B45F /* Frameworks */ = {
			isa = PBXFrameworksBuildPhase;
			buildActionMask = 2147483647;
			files = (
				6D8E824C170C0CE500B1B45F /* UIKit.framework in Frameworks */,
				6D8E824E170C0CE500B1B45F /* Foundation.framework in Frameworks */,
				6D8E8250170C0CE500B1B45F /* CoreGraphics.framework in Frameworks */,
				6DD7BE47170EAD31002EA9B4 /* QuartzCore.framework in Frameworks */,
			);
			runOnlyForDeploymentPostprocessing = 0;
		};
/* End PBXFrameworksBuildPhase section */

/* Begin PBXGroup section */
		6D5A184617104D1200CBE762 /* AFNetworking */ = {
			isa = PBXGroup;
			children = (
				6D5A184717104D1200CBE762 /* AFHTTPClient.h */,
				6D5A184817104D1200CBE762 /* AFHTTPClient.m */,
				6D5A184917104D1200CBE762 /* AFHTTPRequestOperation.h */,
				6D5A184A17104D1200CBE762 /* AFHTTPRequestOperation.m */,
				6D5A184B17104D1200CBE762 /* AFImageRequestOperation.h */,
				6D5A184C17104D1200CBE762 /* AFImageRequestOperation.m */,
				6D5A184D17104D1200CBE762 /* AFJSONRequestOperation.h */,
				6D5A184E17104D1200CBE762 /* AFJSONRequestOperation.m */,
				6D5A184F17104D1200CBE762 /* AFNetworkActivityIndicatorManager.h */,
				6D5A185017104D1200CBE762 /* AFNetworkActivityIndicatorManager.m */,
				6D5A185117104D1200CBE762 /* AFNetworking.h */,
				6D5A185217104D1200CBE762 /* AFPropertyListRequestOperation.h */,
				6D5A185317104D1200CBE762 /* AFPropertyListRequestOperation.m */,
				6D5A185417104D1200CBE762 /* AFURLConnectionOperation.h */,
				6D5A185517104D1200CBE762 /* AFURLConnectionOperation.m */,
				6D5A185617104D1200CBE762 /* AFXMLRequestOperation.h */,
				6D5A185717104D1200CBE762 /* AFXMLRequestOperation.m */,
				6D5A185817104D1200CBE762 /* UIImageView+AFNetworking.h */,
				6D5A185917104D1200CBE762 /* UIImageView+AFNetworking.m */,
			);
			path = AFNetworking;
			sourceTree = "<group>";
		};
		6D8E823F170C0CE500B1B45F = {
			isa = PBXGroup;
			children = (
				6D543474170D771700D4EC25 /* Icon@2x.png */,
				6D543472170D771100D4EC25 /* Icon-72.png */,
				6D8E826E170C107300B1B45F /* Resources */,
				6D8E8270170C108C00B1B45F /* Library */,
				6D8E8251170C0CE500B1B45F /* NancyShow */,
				6D8E824A170C0CE500B1B45F /* Frameworks */,
				6D8E8249170C0CE500B1B45F /* Products */,
			);
			sourceTree = "<group>";
		};
		6D8E8249170C0CE500B1B45F /* Products */ = {
			isa = PBXGroup;
			children = (
				6D8E8248170C0CE500B1B45F /* NancyShow.app */,
			);
			name = Products;
			sourceTree = "<group>";
		};
		6D8E824A170C0CE500B1B45F /* Frameworks */ = {
			isa = PBXGroup;
			children = (
				6DD7BE46170EAD31002EA9B4 /* QuartzCore.framework */,
				6D8E824B170C0CE500B1B45F /* UIKit.framework */,
				6D8E824D170C0CE500B1B45F /* Foundation.framework */,
				6D8E824F170C0CE500B1B45F /* CoreGraphics.framework */,
			);
			name = Frameworks;
			sourceTree = "<group>";
		};
		6D8E8251170C0CE500B1B45F /* NancyShow */ = {
			isa = PBXGroup;
			children = (
				6D543476170D799900D4EC25 /* BGGlobalData.h */,
				6D543477170D799900D4EC25 /* BGGlobalData.m */,
				6D8E825A170C0CE500B1B45F /* BGAppDelegate.h */,
				6D8E825B170C0CE500B1B45F /* BGAppDelegate.m */,
				6D8E8272170C10E900B1B45F /* BGPageSwitcherDelegate.h */,
				6D54345E170D6B6E00D4EC25 /* BGSwitchViewController.h */,
				6D54345F170D6B6E00D4EC25 /* BGSwitchViewController.m */,
				6D8E8263170C0CE500B1B45F /* BGViewController.h */,
				6D8E8264170C0CE500B1B45F /* BGViewController.m */,
				6D8E8266170C0CE500B1B45F /* BGViewController.xib */,
				6D8E8252170C0CE500B1B45F /* Supporting Files */,
				6D543461170D709F00D4EC25 /* BGAboutViewController.h */,
				6D543462170D709F00D4EC25 /* BGAboutViewController.m */,
				6D543463170D709F00D4EC25 /* BGAboutViewController.xib */,
				6D5DA7B3170DDAEF00AAAF58 /* BGGalleryViewController.h */,
				6D5DA7B4170DDAEF00AAAF58 /* BGGalleryViewController.m */,
				6D5DA7B5170DDAEF00AAAF58 /* BGGalleryViewController.xib */,
				6D5A186517105E2D00CBE762 /* BGScrollViewController.h */,
				6D5A186617105E2D00CBE762 /* BGScrollViewController.m */,
			);
			path = NancyShow;
			sourceTree = "<group>";
		};
		6D8E8252170C0CE500B1B45F /* Supporting Files */ = {
			isa = PBXGroup;
			children = (
				6D8E8253170C0CE500B1B45F /* NancyShow-Info.plist */,
				6D8E8254170C0CE500B1B45F /* InfoPlist.strings */,
				6D8E8257170C0CE500B1B45F /* main.m */,
				6D8E8259170C0CE500B1B45F /* NancyShow-Prefix.pch */,
				6D8E825D170C0CE500B1B45F /* Default.png */,
				6D8E825F170C0CE500B1B45F /* Default@2x.png */,
				6D8E8261170C0CE500B1B45F /* Default-568h@2x.png */,
			);
			name = "Supporting Files";
			sourceTree = "<group>";
		};
		6D8E826E170C107300B1B45F /* Resources */ = {
			isa = PBXGroup;
			children = (
				6D5A186817110D2C00CBE762 /* Gallery0 */,
				6D5A186917110D2C00CBE762 /* Gallery1 */,
				6DD7BE56170EC98C002EA9B4 /* SettingData.plist */,
				6D8E8271170C109F00B1B45F /* Images */,
			);
			name = Resources;
			path = NancyShow;
			sourceTree = "<group>";
		};
		6D8E8270170C108C00B1B45F /* Library */ = {
			isa = PBXGroup;
			children = (
				6D5A184617104D1200CBE762 /* AFNetworking */,
				6DDC0029170F177B00A91279 /* ATPagingView */,
				6DDC0025170F14AC00A91279 /* DMLazyScrollView */,
				6DD7BE48170EB28F002EA9B4 /* SVProgressHUD */,
				6DD7BE42170EABB3002EA9B4 /* AKSegmentedControl */,
			);
			name = Library;
			sourceTree = "<group>";
		};
		6D8E8271170C109F00B1B45F /* Images */ = {
			isa = PBXGroup;
			children = (
				6D7B15B1170DC76F009116D6 /* btn_home_a.png */,
				6D7B15B2170DC76F009116D6 /* btn_home_a@2x.png */,
				6D7B15A1170DBFA7009116D6 /* beauty_background.png */,
				6D7B15A2170DBFA7009116D6 /* beauty_background@2x.png */,
				6D7B15AF170DC03E009116D6 /* beauty_bottomBar.png */,
				6D7B15AD170DC033009116D6 /* beauty_bottomBar@2x.png */,
				6D7B15A3170DBFA7009116D6 /* btn_square_black_a.png */,
				6D7B15A4170DBFA7009116D6 /* btn_square_black_a@2x.png */,
				6D7B15A5170DBFA7009116D6 /* btn_square_black_b.png */,
				6D7B15A6170DBFA7009116D6 /* btn_square_black_b@2x.png */,
				6DD7BE4E170EC6DE002EA9B4 /* btn_textbubble_a.png */,
				6DD7BE4F170EC6DE002EA9B4 /* btn_textbubble_a@2x.png */,
				6DD7BE50170EC6DE002EA9B4 /* btn_textbubble_b.png */,
				6DD7BE51170EC6DE002EA9B4 /* btn_textbubble_b@2x.png */,
				6D7B1589170DBF36009116D6 /* btn_left_a.png */,
				6D7B158A170DBF36009116D6 /* btn_left_a@2x.png */,
				6D7B158B170DBF36009116D6 /* btn_left_b.png */,
				6D7B158C170DBF36009116D6 /* btn_left_b@2x.png */,
				6D7B158D170DBF36009116D6 /* btn_middle_a.png */,
				6D7B158E170DBF36009116D6 /* btn_middle_a@2x.png */,
				6D7B158F170DBF36009116D6 /* btn_middle_b.png */,
				6D7B1590170DBF36009116D6 /* btn_middle_b@2x.png */,
				6D7B1591170DBF36009116D6 /* btn_right_a.png */,
				6D7B1592170DBF36009116D6 /* btn_right_a@2x.png */,
				6D7B1593170DBF36009116D6 /* btn_right_b.png */,
				6D7B1594170DBF36009116D6 /* btn_right_b@2x.png */,
				6DD7BE58170EEB8D002EA9B4 /* sep_border_material.png */,
				6DD7BE59170EEB8D002EA9B4 /* sep_border_material@2x.png */,
				6D543466170D756A00D4EC25 /* home_2.png */,
				6D543467170D756A00D4EC25 /* Icon-Small-50.png */,
				6D543468170D756A00D4EC25 /* Icon-Small.png */,
				6D543469170D756A00D4EC25 /* Icon-Small@2x.png */,
			);
			name = Images;
			sourceTree = "<group>";
		};
		6DD7BE42170EABB3002EA9B4 /* AKSegmentedControl */ = {
			isa = PBXGroup;
			children = (
				6DD7BE43170EABB3002EA9B4 /* AKSegmentedControl.h */,
				6DD7BE44170EABB3002EA9B4 /* AKSegmentedControl.m */,
			);
			path = AKSegmentedControl;
			sourceTree = "<group>";
		};
		6DD7BE48170EB28F002EA9B4 /* SVProgressHUD */ = {
			isa = PBXGroup;
			children = (
				6DD7BE49170EB28F002EA9B4 /* SVProgressHUD.bundle */,
				6DD7BE4A170EB28F002EA9B4 /* SVProgressHUD.h */,
				6DD7BE4B170EB28F002EA9B4 /* SVProgressHUD.m */,
			);
			path = SVProgressHUD;
			sourceTree = "<group>";
		};
		6DDC0025170F14AC00A91279 /* DMLazyScrollView */ = {
			isa = PBXGroup;
			children = (
				6DDC0026170F14AC00A91279 /* DMLazyScrollView.h */,
				6DDC0027170F14AC00A91279 /* DMLazyScrollView.m */,
			);
			path = DMLazyScrollView;
			sourceTree = "<group>";
		};
		6DDC0029170F177B00A91279 /* ATPagingView */ = {
			isa = PBXGroup;
			children = (
				6DDC002A170F177B00A91279 /* ATPagingView.h */,
				6DDC002B170F177B00A91279 /* ATPagingView.m */,
			);
			path = ATPagingView;
			sourceTree = "<group>";
		};
/* End PBXGroup section */

/* Begin PBXNativeTarget section */
		6D8E8247170C0CE500B1B45F /* NancyShow */ = {
			isa = PBXNativeTarget;
			buildConfigurationList = 6D8E826B170C0CE500B1B45F /* Build configuration list for PBXNativeTarget "NancyShow" */;
			buildPhases = (
				6D8E8244170C0CE500B1B45F /* Sources */,
				6D8E8245170C0CE500B1B45F /* Frameworks */,
				6D8E8246170C0CE500B1B45F /* Resources */,
			);
			buildRules = (
			);
			dependencies = (
			);
			name = NancyShow;
			productName = NancyShow;
			productReference = 6D8E8248170C0CE500B1B45F /* NancyShow.app */;
			productType = "com.apple.product-type.application";
		};
/* End PBXNativeTarget section */

/* Begin PBXProject section */
		6D8E8240170C0CE500B1B45F /* Project object */ = {
			isa = PBXProject;
			attributes = {
				CLASSPREFIX = BG;
				LastUpgradeCheck = 0460;
				ORGANIZATIONNAME = "Brute Games Studio";
			};
			buildConfigurationList = 6D8E8243170C0CE500B1B45F /* Build configuration list for PBXProject "NancyShow" */;
			compatibilityVersion = "Xcode 3.2";
			developmentRegion = English;
			hasScannedForEncodings = 0;
			knownRegions = (
				en,
			);
			mainGroup = 6D8E823F170C0CE500B1B45F;
			productRefGroup = 6D8E8249170C0CE500B1B45F /* Products */;
			projectDirPath = "";
			projectRoot = "";
			targets = (
				6D8E8247170C0CE500B1B45F /* NancyShow */,
			);
		};
/* End PBXProject section */

/* Begin PBXResourcesBuildPhase section */
		6D8E8246170C0CE500B1B45F /* Resources */ = {
			isa = PBXResourcesBuildPhase;
			buildActionMask = 2147483647;
			files = (
				6D8E8256170C0CE500B1B45F /* InfoPlist.strings in Resources */,
				6D8E825E170C0CE500B1B45F /* Default.png in Resources */,
				6D8E8260170C0CE500B1B45F /* Default@2x.png in Resources */,
				6D8E8262170C0CE500B1B45F /* Default-568h@2x.png in Resources */,
				6D8E8268170C0CE500B1B45F /* BGViewController.xib in Resources */,
				6D543465170D709F00D4EC25 /* BGAboutViewController.xib in Resources */,
				6D54346A170D756A00D4EC25 /* home_2.png in Resources */,
				6D54346B170D756A00D4EC25 /* Icon-Small-50.png in Resources */,
				6D54346C170D756A00D4EC25 /* Icon-Small.png in Resources */,
				6D54346D170D756A00D4EC25 /* Icon-Small@2x.png in Resources */,
				6D543473170D771100D4EC25 /* Icon-72.png in Resources */,
				6D543475170D771700D4EC25 /* Icon@2x.png in Resources */,
				6D7B1595170DBF36009116D6 /* btn_left_a.png in Resources */,
				6D7B1596170DBF36009116D6 /* btn_left_a@2x.png in Resources */,
				6D7B1597170DBF36009116D6 /* btn_left_b.png in Resources */,
				6D7B1598170DBF36009116D6 /* btn_left_b@2x.png in Resources */,
				6D7B1599170DBF36009116D6 /* btn_middle_a.png in Resources */,
				6D7B159A170DBF36009116D6 /* btn_middle_a@2x.png in Resources */,
				6D7B159B170DBF36009116D6 /* btn_middle_b.png in Resources */,
				6D7B159C170DBF36009116D6 /* btn_middle_b@2x.png in Resources */,
				6D7B159D170DBF36009116D6 /* btn_right_a.png in Resources */,
				6D7B159E170DBF36009116D6 /* btn_right_a@2x.png in Resources */,
				6D7B159F170DBF36009116D6 /* btn_right_b.png in Resources */,
				6D7B15A0170DBF36009116D6 /* btn_right_b@2x.png in Resources */,
				6D7B15A7170DBFA7009116D6 /* beauty_background.png in Resources */,
				6D7B15A8170DBFA7009116D6 /* beauty_background@2x.png in Resources */,
				6D7B15A9170DBFA7009116D6 /* btn_square_black_a.png in Resources */,
				6D7B15AA170DBFA7009116D6 /* btn_square_black_a@2x.png in Resources */,
				6D7B15AB170DBFA7009116D6 /* btn_square_black_b.png in Resources */,
				6D7B15AC170DBFA7009116D6 /* btn_square_black_b@2x.png in Resources */,
				6D7B15AE170DC033009116D6 /* beauty_bottomBar@2x.png in Resources */,
				6D7B15B0170DC03E009116D6 /* beauty_bottomBar.png in Resources */,
				6D7B15B3170DC76F009116D6 /* btn_home_a.png in Resources */,
				6D7B15B4170DC76F009116D6 /* btn_home_a@2x.png in Resources */,
				6D5DA7B7170DDAEF00AAAF58 /* BGGalleryViewController.xib in Resources */,
				6DD7BE4C170EB28F002EA9B4 /* SVProgressHUD.bundle in Resources */,
				6DD7BE52170EC6DE002EA9B4 /* btn_textbubble_a.png in Resources */,
				6DD7BE53170EC6DE002EA9B4 /* btn_textbubble_a@2x.png in Resources */,
				6DD7BE54170EC6DE002EA9B4 /* btn_textbubble_b.png in Resources */,
				6DD7BE55170EC6DE002EA9B4 /* btn_textbubble_b@2x.png in Resources */,
				6DD7BE57170EC98C002EA9B4 /* SettingData.plist in Resources */,
				6DD7BE5A170EEB8D002EA9B4 /* sep_border_material.png in Resources */,
				6DD7BE5B170EEB8D002EA9B4 /* sep_border_material@2x.png in Resources */,
				6D5A186A17110D2C00CBE762 /* Gallery0 in Resources */,
				6D5A186B17110D2C00CBE762 /* Gallery1 in Resources */,
			);
			runOnlyForDeploymentPostprocessing = 0;
		};
/* End PBXResourcesBuildPhase section */

/* Begin PBXSourcesBuildPhase section */
		6D8E8244170C0CE500B1B45F /* Sources */ = {
			isa = PBXSourcesBuildPhase;
			buildActionMask = 2147483647;
			files = (
				6D8E8258170C0CE500B1B45F /* main.m in Sources */,
				6D8E825C170C0CE500B1B45F /* BGAppDelegate.m in Sources */,
				6D8E8265170C0CE500B1B45F /* BGViewController.m in Sources */,
				6D543460170D6B6E00D4EC25 /* BGSwitchViewController.m in Sources */,
				6D543464170D709F00D4EC25 /* BGAboutViewController.m in Sources */,
				6D543478170D799900D4EC25 /* BGGlobalData.m in Sources */,
				6D5DA7B6170DDAEF00AAAF58 /* BGGalleryViewController.m in Sources */,
				6DD7BE45170EABB3002EA9B4 /* AKSegmentedControl.m in Sources */,
				6DD7BE4D170EB28F002EA9B4 /* SVProgressHUD.m in Sources */,
				6DDC0028170F14AC00A91279 /* DMLazyScrollView.m in Sources */,
				6DDC002C170F177B00A91279 /* ATPagingView.m in Sources */,
				6D5A185A17104D1200CBE762 /* AFHTTPClient.m in Sources */,
				6D5A185B17104D1200CBE762 /* AFHTTPRequestOperation.m in Sources */,
				6D5A185C17104D1200CBE762 /* AFImageRequestOperation.m in Sources */,
				6D5A185D17104D1200CBE762 /* AFJSONRequestOperation.m in Sources */,
				6D5A185E17104D1200CBE762 /* AFNetworkActivityIndicatorManager.m in Sources */,
				6D5A185F17104D1200CBE762 /* AFPropertyListRequestOperation.m in Sources */,
				6D5A186017104D1200CBE762 /* AFURLConnectionOperation.m in Sources */,
				6D5A186117104D1200CBE762 /* AFXMLRequestOperation.m in Sources */,
				6D5A186217104D1200CBE762 /* UIImageView+AFNetworking.m in Sources */,
				6D5A186717105E2D00CBE762 /* BGScrollViewController.m in Sources */,
			);
			runOnlyForDeploymentPostprocessing = 0;
		};
/* End PBXSourcesBuildPhase section */

/* Begin PBXVariantGroup section */
		6D8E8254170C0CE500B1B45F /* InfoPlist.strings */ = {
			isa = PBXVariantGroup;
			children = (
				6D8E8255170C0CE500B1B45F /* en */,
			);
			name = InfoPlist.strings;
			sourceTree = "<group>";
		};
		6D8E8266170C0CE500B1B45F /* BGViewController.xib */ = {
			isa = PBXVariantGroup;
			children = (
				6D8E8267170C0CE500B1B45F /* en */,
			);
			name = BGViewController.xib;
			sourceTree = "<group>";
		};
/* End PBXVariantGroup section */

/* Begin XCBuildConfiguration section */
		6D8E8269170C0CE500B1B45F /* Debug */ = {
			isa = XCBuildConfiguration;
			buildSettings = {
				ALWAYS_SEARCH_USER_PATHS = NO;
				CLANG_CXX_LANGUAGE_STANDARD = "gnu++0x";
				CLANG_CXX_LIBRARY = "libc++";
				CLANG_WARN_CONSTANT_CONVERSION = YES;
				CLANG_WARN_EMPTY_BODY = YES;
				CLANG_WARN_ENUM_CONVERSION = YES;
				CLANG_WARN_INT_CONVERSION = YES;
				CLANG_WARN__DUPLICATE_METHOD_MATCH = YES;
				"CODE_SIGN_IDENTITY[sdk=iphoneos*]" = "iPhone Developer";
				COPY_PHASE_STRIP = NO;
				GCC_C_LANGUAGE_STANDARD = gnu99;
				GCC_DYNAMIC_NO_PIC = NO;
				GCC_OPTIMIZATION_LEVEL = 0;
				GCC_PREPROCESSOR_DEFINITIONS = (
					"DEBUG=1",
					"$(inherited)",
				);
				GCC_SYMBOLS_PRIVATE_EXTERN = NO;
				GCC_WARN_ABOUT_RETURN_TYPE = YES;
				GCC_WARN_UNINITIALIZED_AUTOS = YES;
				GCC_WARN_UNUSED_VARIABLE = YES;
				IPHONEOS_DEPLOYMENT_TARGET = 5.0;
				ONLY_ACTIVE_ARCH = YES;
				SDKROOT = iphoneos;
				TARGETED_DEVICE_FAMILY = 2;
			};
			name = Debug;
		};
		6D8E826A170C0CE500B1B45F /* Release */ = {
			isa = XCBuildConfiguration;
			buildSettings = {
				ALWAYS_SEARCH_USER_PATHS = NO;
				CLANG_CXX_LANGUAGE_STANDARD = "gnu++0x";
				CLANG_CXX_LIBRARY = "libc++";
				CLANG_WARN_CONSTANT_CONVERSION = YES;
				CLANG_WARN_EMPTY_BODY = YES;
				CLANG_WARN_ENUM_CONVERSION = YES;
				CLANG_WARN_INT_CONVERSION = YES;
				CLANG_WARN__DUPLICATE_METHOD_MATCH = YES;
				"CODE_SIGN_IDENTITY[sdk=iphoneos*]" = "iPhone Developer";
				COPY_PHASE_STRIP = YES;
				GCC_C_LANGUAGE_STANDARD = gnu99;
				GCC_WARN_ABOUT_RETURN_TYPE = YES;
				GCC_WARN_UNINITIALIZED_AUTOS = YES;
				GCC_WARN_UNUSED_VARIABLE = YES;
				IPHONEOS_DEPLOYMENT_TARGET = 5.0;
				OTHER_CFLAGS = "-DNS_BLOCK_ASSERTIONS=1";
				SDKROOT = iphoneos;
				TARGETED_DEVICE_FAMILY = 2;
				VALIDATE_PRODUCT = YES;
			};
			name = Release;
		};
		6D8E826C170C0CE500B1B45F /* Debug */ = {
			isa = XCBuildConfiguration;
			buildSettings = {
				GCC_PRECOMPILE_PREFIX_HEADER = YES;
				GCC_PREFIX_HEADER = "NancyShow/NancyShow-Prefix.pch";
				INFOPLIST_FILE = "NancyShow/NancyShow-Info.plist";
				PRODUCT_NAME = "$(TARGET_NAME)";
				WRAPPER_EXTENSION = app;
			};
			name = Debug;
		};
		6D8E826D170C0CE500B1B45F /* Release */ = {
			isa = XCBuildConfiguration;
			buildSettings = {
				GCC_PRECOMPILE_PREFIX_HEADER = YES;
				GCC_PREFIX_HEADER = "NancyShow/NancyShow-Prefix.pch";
				INFOPLIST_FILE = "NancyShow/NancyShow-Info.plist";
				PRODUCT_NAME = "$(TARGET_NAME)";
				WRAPPER_EXTENSION = app;
			};
			name = Release;
		};
/* End XCBuildConfiguration section */

/* Begin XCConfigurationList section */
		6D8E8243170C0CE500B1B45F /* Build configuration list for PBXProject "NancyShow" */ = {
			isa = XCConfigurationList;
			buildConfigurations = (
				6D8E8269170C0CE500B1B45F /* Debug */,
				6D8E826A170C0CE500B1B45F /* Release */,
			);
			defaultConfigurationIsVisible = 0;
			defaultConfigurationName = Release;
		};
		6D8E826B170C0CE500B1B45F /* Build configuration list for PBXNativeTarget "NancyShow" */ = {
			isa = XCConfigurationList;
			buildConfigurations = (
				6D8E826C170C0CE500B1B45F /* Debug */,
				6D8E826D170C0CE500B1B45F /* Release */,
			);
			defaultConfigurationIsVisible = 0;
			defaultConfigurationName = Release;
		};
/* End XCConfigurationList section */
	};
	rootObject = 6D8E8240170C0CE500B1B45F /* Project object */;
}
